{
  "name": "@feedzai/eslint-config-feedzai",
  "version": "1.1.0",
  "dependencies": {
    "@babel/code-frame": {
      "version": "7.0.0",
      "from": "@babel/code-frame@>=7.0.0 <8.0.0",
      "resolved": "https://maven.feedzai.com/content/groups/npm-all/@babel/code-frame/-/code-frame-7.0.0.tgz"
    },
    "@babel/highlight": {
      "version": "7.0.0",
      "from": "@babel/highlight@>=7.0.0 <8.0.0",
      "resolved": "https://maven.feedzai.com/content/groups/npm-all/@babel/highlight/-/highlight-7.0.0.tgz"
    },
    "acorn": {
      "version": "6.0.4",
      "from": "acorn@>=6.0.2 <7.0.0",
      "resolved": "https://maven.feedzai.com/content/groups/npm-all/acorn/-/acorn-6.0.4.tgz"
    },
    "acorn-jsx": {
      "version": "5.0.1",
      "from": "acorn-jsx@>=5.0.0 <6.0.0",
      "resolved": "https://maven.feedzai.com/content/groups/npm-all/acorn-jsx/-/acorn-jsx-5.0.1.tgz"
    },
    "ajv": {
      "version": "6.6.2",
      "from": "ajv@>=6.5.3 <7.0.0",
      "resolved": "https://maven.feedzai.com/content/groups/npm-all/ajv/-/ajv-6.6.2.tgz"
    },
    "ansi-escapes": {
      "version": "3.1.0",
      "from": "ansi-escapes@>=3.0.0 <4.0.0",
      "resolved": "https://registry.npmjs.org/ansi-escapes/-/ansi-escapes-3.1.0.tgz"
    },
    "ansi-regex": {
      "version": "3.0.0",
      "from": "ansi-regex@>=3.0.0 <4.0.0",
      "resolved": "https://registry.npmjs.org/ansi-regex/-/ansi-regex-3.0.0.tgz"
    },
    "ansi-styles": {
      "version": "3.2.1",
      "from": "ansi-styles@>=3.2.1 <4.0.0",
      "resolved": "https://registry.npmjs.org/ansi-styles/-/ansi-styles-3.2.1.tgz"
    },
    "argparse": {
      "version": "1.0.10",
      "from": "argparse@>=1.0.7 <2.0.0",
      "resolved": "https://registry.npmjs.org/argparse/-/argparse-1.0.10.tgz"
    },
    "astral-regex": {
      "version": "1.0.0",
      "from": "astral-regex@>=1.0.0 <2.0.0",
      "resolved": "https://maven.feedzai.com/content/groups/npm-all/astral-regex/-/astral-regex-1.0.0.tgz"
    },
    "balanced-match": {
      "version": "1.0.0",
      "from": "balanced-match@>=1.0.0 <2.0.0",
      "resolved": "https://registry.npmjs.org/balanced-match/-/balanced-match-1.0.0.tgz"
    },
    "brace-expansion": {
      "version": "1.1.11",
      "from": "brace-expansion@>=1.1.7 <2.0.0",
      "resolved": "https://registry.npmjs.org/brace-expansion/-/brace-expansion-1.1.11.tgz"
    },
    "builtin-modules": {
      "version": "1.1.1",
      "from": "builtin-modules@>=1.0.0 <2.0.0",
      "resolved": "https://registry.npmjs.org/builtin-modules/-/builtin-modules-1.1.1.tgz"
    },
    "caller-path": {
      "version": "0.1.0",
      "from": "caller-path@>=0.1.0 <0.2.0",
      "resolved": "https://registry.npmjs.org/caller-path/-/caller-path-0.1.0.tgz"
    },
    "callsites": {
      "version": "0.2.0",
      "from": "callsites@>=0.2.0 <0.3.0",
      "resolved": "https://registry.npmjs.org/callsites/-/callsites-0.2.0.tgz"
    },
    "chalk": {
      "version": "2.4.1",
      "from": "chalk@>=2.1.0 <3.0.0",
      "resolved": "https://registry.npmjs.org/chalk/-/chalk-2.4.1.tgz"
    },
    "chardet": {
      "version": "0.7.0",
      "from": "chardet@>=0.7.0 <0.8.0",
      "resolved": "https://maven.feedzai.com/content/groups/npm-all/chardet/-/chardet-0.7.0.tgz"
    },
    "circular-json": {
      "version": "0.3.3",
      "from": "circular-json@>=0.3.1 <0.4.0",
      "resolved": "https://registry.npmjs.org/circular-json/-/circular-json-0.3.3.tgz"
    },
    "cli-cursor": {
      "version": "2.1.0",
      "from": "cli-cursor@>=2.1.0 <3.0.0",
      "resolved": "https://registry.npmjs.org/cli-cursor/-/cli-cursor-2.1.0.tgz"
    },
    "cli-width": {
      "version": "2.2.0",
      "from": "cli-width@>=2.0.0 <3.0.0",
      "resolved": "https://registry.npmjs.org/cli-width/-/cli-width-2.2.0.tgz"
    },
    "color-convert": {
      "version": "1.9.3",
      "from": "color-convert@>=1.9.0 <2.0.0",
      "resolved": "https://maven.feedzai.com/content/groups/npm-all/color-convert/-/color-convert-1.9.3.tgz"
    },
    "color-name": {
      "version": "1.1.3",
      "from": "color-name@1.1.3",
      "resolved": "https://maven.feedzai.com/content/groups/npm-all/color-name/-/color-name-1.1.3.tgz"
    },
    "concat-map": {
      "version": "0.0.1",
      "from": "concat-map@0.0.1",
      "resolved": "https://registry.npmjs.org/concat-map/-/concat-map-0.0.1.tgz"
    },
    "contains-path": {
      "version": "0.1.0",
      "from": "contains-path@>=0.1.0 <0.2.0",
      "resolved": "https://registry.npmjs.org/contains-path/-/contains-path-0.1.0.tgz"
    },
    "cross-spawn": {
      "version": "6.0.5",
      "from": "cross-spawn@>=6.0.5 <7.0.0",
      "resolved": "https://registry.npmjs.org/cross-spawn/-/cross-spawn-6.0.5.tgz"
    },
    "debug": {
      "version": "4.1.0",
      "from": "debug@>=4.0.1 <5.0.0",
      "resolved": "https://maven.feedzai.com/content/groups/npm-all/debug/-/debug-4.1.0.tgz"
    },
    "deep-is": {
      "version": "0.1.3",
      "from": "deep-is@>=0.1.3 <0.2.0",
      "resolved": "https://registry.npmjs.org/deep-is/-/deep-is-0.1.3.tgz"
    },
    "doctrine": {
      "version": "2.1.0",
      "from": "doctrine@>=2.1.0 <3.0.0",
      "resolved": "https://registry.npmjs.org/doctrine/-/doctrine-2.1.0.tgz"
    },
    "error-ex": {
      "version": "1.3.2",
      "from": "error-ex@>=1.2.0 <2.0.0",
      "resolved": "https://registry.npmjs.org/error-ex/-/error-ex-1.3.2.tgz"
    },
    "escape-string-regexp": {
      "version": "1.0.5",
      "from": "escape-string-regexp@>=1.0.5 <2.0.0",
      "resolved": "https://registry.npmjs.org/escape-string-regexp/-/escape-string-regexp-1.0.5.tgz"
    },
    "eslint": {
      "version": "5.10.0",
      "from": "eslint@>=5.10.0 <6.0.0",
      "resolved": "https://maven.feedzai.com/content/groups/npm-all/eslint/-/eslint-5.10.0.tgz"
    },
    "eslint-import-resolver-node": {
      "version": "0.3.2",
      "from": "eslint-import-resolver-node@>=0.3.1 <0.4.0",
      "resolved": "https://registry.npmjs.org/eslint-import-resolver-node/-/eslint-import-resolver-node-0.3.2.tgz",
      "dependencies": {
        "debug": {
          "version": "2.6.9",
          "from": "debug@>=2.6.9 <3.0.0",
          "resolved": "https://registry.npmjs.org/debug/-/debug-2.6.9.tgz"
        },
        "ms": {
          "version": "2.0.0",
          "from": "ms@2.0.0",
          "resolved": "https://registry.npmjs.org/ms/-/ms-2.0.0.tgz"
        }
      }
    },
    "eslint-module-utils": {
      "version": "2.2.0",
      "from": "eslint-module-utils@>=2.2.0 <3.0.0",
      "resolved": "https://registry.npmjs.org/eslint-module-utils/-/eslint-module-utils-2.2.0.tgz",
      "dependencies": {
        "debug": {
          "version": "2.6.9",
          "from": "debug@>=2.6.8 <3.0.0",
          "resolved": "https://registry.npmjs.org/debug/-/debug-2.6.9.tgz"
        },
        "ms": {
          "version": "2.0.0",
          "from": "ms@2.0.0",
          "resolved": "https://registry.npmjs.org/ms/-/ms-2.0.0.tgz"
        }
      }
    },
    "eslint-plugin-import": {
      "version": "2.14.0",
      "from": "eslint-plugin-import@>=2.14.0 <3.0.0",
      "resolved": "https://maven.feedzai.com/content/groups/npm-all/eslint-plugin-import/-/eslint-plugin-import-2.14.0.tgz",
      "dependencies": {
        "debug": {
          "version": "2.6.9",
          "from": "debug@>=2.6.8 <3.0.0",
          "resolved": "https://registry.npmjs.org/debug/-/debug-2.6.9.tgz"
        },
        "doctrine": {
          "version": "1.5.0",
          "from": "doctrine@1.5.0",
          "resolved": "https://registry.npmjs.org/doctrine/-/doctrine-1.5.0.tgz"
        },
        "ms": {
          "version": "2.0.0",
          "from": "ms@2.0.0",
          "resolved": "https://registry.npmjs.org/ms/-/ms-2.0.0.tgz"
        }
      }
    },
    "eslint-scope": {
      "version": "4.0.0",
      "from": "eslint-scope@>=4.0.0 <5.0.0",
      "resolved": "https://registry.npmjs.org/eslint-scope/-/eslint-scope-4.0.0.tgz"
    },
    "eslint-utils": {
      "version": "1.3.1",
      "from": "eslint-utils@>=1.3.1 <2.0.0",
      "resolved": "https://registry.npmjs.org/eslint-utils/-/eslint-utils-1.3.1.tgz"
    },
    "eslint-visitor-keys": {
      "version": "1.0.0",
      "from": "eslint-visitor-keys@>=1.0.0 <2.0.0",
      "resolved": "https://registry.npmjs.org/eslint-visitor-keys/-/eslint-visitor-keys-1.0.0.tgz"
    },
    "espree": {
      "version": "5.0.0",
      "from": "espree@>=5.0.0 <6.0.0",
      "resolved": "https://maven.feedzai.com/content/groups/npm-all/espree/-/espree-5.0.0.tgz"
    },
    "esprima": {
      "version": "4.0.1",
      "from": "esprima@>=4.0.0 <5.0.0",
      "resolved": "https://registry.npmjs.org/esprima/-/esprima-4.0.1.tgz"
    },
    "esquery": {
      "version": "1.0.1",
      "from": "esquery@>=1.0.1 <2.0.0",
      "resolved": "https://registry.npmjs.org/esquery/-/esquery-1.0.1.tgz"
    },
    "esrecurse": {
      "version": "4.2.1",
      "from": "esrecurse@>=4.1.0 <5.0.0",
      "resolved": "https://registry.npmjs.org/esrecurse/-/esrecurse-4.2.1.tgz"
    },
    "estraverse": {
      "version": "4.2.0",
      "from": "estraverse@>=4.1.1 <5.0.0",
      "resolved": "https://registry.npmjs.org/estraverse/-/estraverse-4.2.0.tgz"
    },
    "esutils": {
      "version": "2.0.2",
      "from": "esutils@>=2.0.2 <3.0.0",
      "resolved": "https://registry.npmjs.org/esutils/-/esutils-2.0.2.tgz"
    },
    "external-editor": {
      "version": "3.0.3",
      "from": "external-editor@>=3.0.0 <4.0.0",
      "resolved": "https://maven.feedzai.com/content/groups/npm-all/external-editor/-/external-editor-3.0.3.tgz"
    },
    "fast-deep-equal": {
      "version": "2.0.1",
      "from": "fast-deep-equal@>=2.0.1 <3.0.0",
      "resolved": "https://registry.npmjs.org/fast-deep-equal/-/fast-deep-equal-2.0.1.tgz"
    },
    "fast-json-stable-stringify": {
      "version": "2.0.0",
      "from": "fast-json-stable-stringify@>=2.0.0 <3.0.0",
      "resolved": "https://registry.npmjs.org/fast-json-stable-stringify/-/fast-json-stable-stringify-2.0.0.tgz"
    },
    "fast-levenshtein": {
      "version": "2.0.6",
      "from": "fast-levenshtein@>=2.0.4 <2.1.0",
      "resolved": "https://registry.npmjs.org/fast-levenshtein/-/fast-levenshtein-2.0.6.tgz"
    },
    "figures": {
      "version": "2.0.0",
      "from": "figures@>=2.0.0 <3.0.0",
      "resolved": "https://registry.npmjs.org/figures/-/figures-2.0.0.tgz"
    },
    "file-entry-cache": {
      "version": "2.0.0",
      "from": "file-entry-cache@>=2.0.0 <3.0.0",
      "resolved": "https://registry.npmjs.org/file-entry-cache/-/file-entry-cache-2.0.0.tgz"
    },
    "find-up": {
      "version": "1.1.2",
      "from": "find-up@>=1.0.0 <2.0.0",
      "resolved": "https://registry.npmjs.org/find-up/-/find-up-1.1.2.tgz"
    },
    "flat-cache": {
      "version": "1.3.4",
      "from": "flat-cache@>=1.2.1 <2.0.0",
      "resolved": "https://maven.feedzai.com/content/groups/npm-all/flat-cache/-/flat-cache-1.3.4.tgz"
    },
    "fs.realpath": {
      "version": "1.0.0",
      "from": "fs.realpath@>=1.0.0 <2.0.0",
      "resolved": "https://registry.npmjs.org/fs.realpath/-/fs.realpath-1.0.0.tgz"
    },
    "function-bind": {
      "version": "1.1.1",
      "from": "function-bind@>=1.1.1 <2.0.0",
      "resolved": "https://registry.npmjs.org/function-bind/-/function-bind-1.1.1.tgz"
    },
    "functional-red-black-tree": {
      "version": "1.0.1",
      "from": "functional-red-black-tree@>=1.0.1 <2.0.0",
      "resolved": "https://registry.npmjs.org/functional-red-black-tree/-/functional-red-black-tree-1.0.1.tgz"
    },
    "glob": {
      "version": "7.1.3",
      "from": "glob@>=7.1.2 <8.0.0",
      "resolved": "https://maven.feedzai.com/content/groups/npm-all/glob/-/glob-7.1.3.tgz"
    },
    "globals": {
      "version": "11.9.0",
      "from": "globals@>=11.7.0 <12.0.0",
      "resolved": "https://maven.feedzai.com/content/groups/npm-all/globals/-/globals-11.9.0.tgz"
    },
    "graceful-fs": {
      "version": "4.1.15",
      "from": "graceful-fs@>=4.1.2 <5.0.0",
      "resolved": "https://maven.feedzai.com/content/groups/npm-all/graceful-fs/-/graceful-fs-4.1.15.tgz"
    },
    "has": {
      "version": "1.0.3",
      "from": "has@>=1.0.1 <2.0.0",
      "resolved": "https://registry.npmjs.org/has/-/has-1.0.3.tgz"
    },
    "has-flag": {
      "version": "3.0.0",
      "from": "has-flag@>=3.0.0 <4.0.0",
      "resolved": "https://registry.npmjs.org/has-flag/-/has-flag-3.0.0.tgz"
    },
    "hosted-git-info": {
      "version": "2.7.1",
      "from": "hosted-git-info@>=2.1.4 <3.0.0",
      "resolved": "https://registry.npmjs.org/hosted-git-info/-/hosted-git-info-2.7.1.tgz"
    },
    "iconv-lite": {
      "version": "0.4.24",
      "from": "iconv-lite@>=0.4.24 <0.5.0",
      "resolved": "https://maven.feedzai.com/content/groups/npm-all/iconv-lite/-/iconv-lite-0.4.24.tgz"
    },
    "ignore": {
      "version": "4.0.6",
      "from": "ignore@>=4.0.6 <5.0.0",
      "resolved": "https://maven.feedzai.com/content/groups/npm-all/ignore/-/ignore-4.0.6.tgz"
    },
    "imurmurhash": {
      "version": "0.1.4",
      "from": "imurmurhash@>=0.1.4 <0.2.0",
      "resolved": "https://registry.npmjs.org/imurmurhash/-/imurmurhash-0.1.4.tgz"
    },
    "inflight": {
      "version": "1.0.6",
      "from": "inflight@>=1.0.4 <2.0.0",
      "resolved": "https://registry.npmjs.org/inflight/-/inflight-1.0.6.tgz"
    },
    "inherits": {
      "version": "2.0.3",
      "from": "inherits@>=2.0.0 <3.0.0",
      "resolved": "https://registry.npmjs.org/inherits/-/inherits-2.0.3.tgz"
    },
    "inquirer": {
      "version": "6.2.1",
      "from": "inquirer@>=6.1.0 <7.0.0",
      "resolved": "https://maven.feedzai.com/content/groups/npm-all/inquirer/-/inquirer-6.2.1.tgz",
      "dependencies": {
        "ansi-regex": {
          "version": "4.0.0",
          "from": "ansi-regex@>=4.0.0 <5.0.0",
          "resolved": "https://maven.feedzai.com/content/groups/npm-all/ansi-regex/-/ansi-regex-4.0.0.tgz"
        },
        "strip-ansi": {
          "version": "5.0.0",
          "from": "strip-ansi@>=5.0.0 <6.0.0",
          "resolved": "https://maven.feedzai.com/content/groups/npm-all/strip-ansi/-/strip-ansi-5.0.0.tgz"
        }
      }
    },
    "is-arrayish": {
      "version": "0.2.1",
      "from": "is-arrayish@>=0.2.1 <0.3.0",
      "resolved": "https://registry.npmjs.org/is-arrayish/-/is-arrayish-0.2.1.tgz"
    },
    "is-builtin-module": {
      "version": "1.0.0",
      "from": "is-builtin-module@>=1.0.0 <2.0.0",
      "resolved": "https://registry.npmjs.org/is-builtin-module/-/is-builtin-module-1.0.0.tgz"
    },
    "is-fullwidth-code-point": {
      "version": "2.0.0",
      "from": "is-fullwidth-code-point@>=2.0.0 <3.0.0",
      "resolved": "https://registry.npmjs.org/is-fullwidth-code-point/-/is-fullwidth-code-point-2.0.0.tgz"
    },
    "is-promise": {
      "version": "2.1.0",
      "from": "is-promise@>=2.1.0 <3.0.0",
      "resolved": "https://registry.npmjs.org/is-promise/-/is-promise-2.1.0.tgz"
    },
    "isarray": {
      "version": "1.0.0",
      "from": "isarray@>=1.0.0 <2.0.0",
      "resolved": "https://registry.npmjs.org/isarray/-/isarray-1.0.0.tgz"
    },
    "isexe": {
      "version": "2.0.0",
      "from": "isexe@>=2.0.0 <3.0.0",
      "resolved": "https://registry.npmjs.org/isexe/-/isexe-2.0.0.tgz"
    },
    "js-tokens": {
      "version": "4.0.0",
      "from": "js-tokens@>=4.0.0 <5.0.0",
      "resolved": "https://maven.feedzai.com/content/groups/npm-all/js-tokens/-/js-tokens-4.0.0.tgz"
    },
    "js-yaml": {
      "version": "3.12.0",
      "from": "js-yaml@>=3.12.0 <4.0.0",
      "resolved": "https://registry.npmjs.org/js-yaml/-/js-yaml-3.12.0.tgz"
    },
    "json-schema-traverse": {
      "version": "0.4.1",
      "from": "json-schema-traverse@>=0.4.1 <0.5.0",
      "resolved": "https://registry.npmjs.org/json-schema-traverse/-/json-schema-traverse-0.4.1.tgz"
    },
    "json-stable-stringify-without-jsonify": {
      "version": "1.0.1",
      "from": "json-stable-stringify-without-jsonify@>=1.0.1 <2.0.0",
      "resolved": "https://registry.npmjs.org/json-stable-stringify-without-jsonify/-/json-stable-stringify-without-jsonify-1.0.1.tgz"
    },
    "levn": {
      "version": "0.3.0",
      "from": "levn@>=0.3.0 <0.4.0",
      "resolved": "https://registry.npmjs.org/levn/-/levn-0.3.0.tgz"
    },
    "load-json-file": {
      "version": "2.0.0",
      "from": "load-json-file@>=2.0.0 <3.0.0",
      "resolved": "https://registry.npmjs.org/load-json-file/-/load-json-file-2.0.0.tgz"
    },
    "locate-path": {
      "version": "2.0.0",
      "from": "locate-path@>=2.0.0 <3.0.0",
      "resolved": "https://registry.npmjs.org/locate-path/-/locate-path-2.0.0.tgz",
      "dependencies": {
        "path-exists": {
          "version": "3.0.0",
          "from": "path-exists@>=3.0.0 <4.0.0",
          "resolved": "https://registry.npmjs.org/path-exists/-/path-exists-3.0.0.tgz"
        }
      }
    },
    "lodash": {
      "version": "4.17.11",
      "from": "lodash@>=4.17.5 <5.0.0",
      "resolved": "https://maven.feedzai.com/content/groups/npm-all/lodash/-/lodash-4.17.11.tgz"
    },
    "mimic-fn": {
      "version": "1.2.0",
      "from": "mimic-fn@>=1.0.0 <2.0.0",
      "resolved": "https://registry.npmjs.org/mimic-fn/-/mimic-fn-1.2.0.tgz"
    },
    "minimatch": {
      "version": "3.0.4",
      "from": "minimatch@>=3.0.4 <4.0.0",
      "resolved": "https://registry.npmjs.org/minimatch/-/minimatch-3.0.4.tgz"
    },
    "minimist": {
      "version": "0.0.8",
      "from": "minimist@0.0.8",
      "resolved": "https://registry.npmjs.org/minimist/-/minimist-0.0.8.tgz"
    },
    "mkdirp": {
      "version": "0.5.1",
      "from": "mkdirp@>=0.5.1 <0.6.0",
      "resolved": "https://registry.npmjs.org/mkdirp/-/mkdirp-0.5.1.tgz"
    },
    "ms": {
      "version": "2.1.1",
      "from": "ms@>=2.1.1 <3.0.0",
      "resolved": "https://maven.feedzai.com/content/groups/npm-all/ms/-/ms-2.1.1.tgz"
    },
    "mute-stream": {
      "version": "0.0.7",
      "from": "mute-stream@0.0.7",
      "resolved": "https://registry.npmjs.org/mute-stream/-/mute-stream-0.0.7.tgz"
    },
    "natural-compare": {
      "version": "1.4.0",
      "from": "natural-compare@>=1.4.0 <2.0.0",
      "resolved": "https://registry.npmjs.org/natural-compare/-/natural-compare-1.4.0.tgz"
    },
    "nice-try": {
      "version": "1.0.5",
      "from": "nice-try@>=1.0.4 <2.0.0",
      "resolved": "https://maven.feedzai.com/content/groups/npm-all/nice-try/-/nice-try-1.0.5.tgz"
    },
    "normalize-package-data": {
      "version": "2.4.0",
      "from": "normalize-package-data@>=2.3.2 <3.0.0",
      "resolved": "https://registry.npmjs.org/normalize-package-data/-/normalize-package-data-2.4.0.tgz"
    },
    "object-assign": {
      "version": "4.1.1",
      "from": "object-assign@>=4.0.1 <5.0.0",
      "resolved": "https://registry.npmjs.org/object-assign/-/object-assign-4.1.1.tgz"
    },
    "once": {
      "version": "1.4.0",
      "from": "once@>=1.3.0 <2.0.0",
      "resolved": "https://registry.npmjs.org/once/-/once-1.4.0.tgz"
    },
    "onetime": {
      "version": "2.0.1",
      "from": "onetime@>=2.0.0 <3.0.0",
      "resolved": "https://registry.npmjs.org/onetime/-/onetime-2.0.1.tgz"
    },
    "optionator": {
      "version": "0.8.2",
      "from": "optionator@>=0.8.2 <0.9.0",
      "resolved": "https://registry.npmjs.org/optionator/-/optionator-0.8.2.tgz"
    },
    "os-tmpdir": {
      "version": "1.0.2",
      "from": "os-tmpdir@>=1.0.2 <1.1.0",
      "resolved": "https://registry.npmjs.org/os-tmpdir/-/os-tmpdir-1.0.2.tgz"
    },
    "p-limit": {
      "version": "1.3.0",
      "from": "p-limit@>=1.1.0 <2.0.0",
      "resolved": "https://registry.npmjs.org/p-limit/-/p-limit-1.3.0.tgz"
    },
    "p-locate": {
      "version": "2.0.0",
      "from": "p-locate@>=2.0.0 <3.0.0",
      "resolved": "https://registry.npmjs.org/p-locate/-/p-locate-2.0.0.tgz"
    },
    "p-try": {
      "version": "1.0.0",
      "from": "p-try@>=1.0.0 <2.0.0",
      "resolved": "https://registry.npmjs.org/p-try/-/p-try-1.0.0.tgz"
    },
    "parse-json": {
      "version": "2.2.0",
      "from": "parse-json@>=2.2.0 <3.0.0",
      "resolved": "https://registry.npmjs.org/parse-json/-/parse-json-2.2.0.tgz"
    },
    "path-exists": {
      "version": "2.1.0",
      "from": "path-exists@>=2.0.0 <3.0.0",
      "resolved": "https://registry.npmjs.org/path-exists/-/path-exists-2.1.0.tgz"
    },
    "path-is-absolute": {
      "version": "1.0.1",
      "from": "path-is-absolute@>=1.0.0 <2.0.0",
      "resolved": "https://registry.npmjs.org/path-is-absolute/-/path-is-absolute-1.0.1.tgz"
    },
    "path-is-inside": {
      "version": "1.0.2",
      "from": "path-is-inside@>=1.0.2 <2.0.0",
      "resolved": "https://registry.npmjs.org/path-is-inside/-/path-is-inside-1.0.2.tgz"
    },
    "path-key": {
      "version": "2.0.1",
      "from": "path-key@>=2.0.1 <3.0.0",
      "resolved": "https://registry.npmjs.org/path-key/-/path-key-2.0.1.tgz"
    },
    "path-parse": {
      "version": "1.0.6",
      "from": "path-parse@>=1.0.6 <2.0.0",
      "resolved": "https://maven.feedzai.com/content/groups/npm-all/path-parse/-/path-parse-1.0.6.tgz"
    },
    "path-type": {
      "version": "2.0.0",
      "from": "path-type@>=2.0.0 <3.0.0",
      "resolved": "https://registry.npmjs.org/path-type/-/path-type-2.0.0.tgz"
    },
    "pify": {
      "version": "2.3.0",
      "from": "pify@>=2.0.0 <3.0.0",
      "resolved": "https://registry.npmjs.org/pify/-/pify-2.3.0.tgz"
    },
    "pinkie": {
      "version": "2.0.4",
      "from": "pinkie@>=2.0.0 <3.0.0",
      "resolved": "https://registry.npmjs.org/pinkie/-/pinkie-2.0.4.tgz"
    },
    "pinkie-promise": {
      "version": "2.0.1",
      "from": "pinkie-promise@>=2.0.0 <3.0.0",
      "resolved": "https://registry.npmjs.org/pinkie-promise/-/pinkie-promise-2.0.1.tgz"
    },
    "pkg-dir": {
      "version": "1.0.0",
      "from": "pkg-dir@>=1.0.0 <2.0.0",
      "resolved": "https://registry.npmjs.org/pkg-dir/-/pkg-dir-1.0.0.tgz"
    },
    "pluralize": {
      "version": "7.0.0",
      "from": "pluralize@>=7.0.0 <8.0.0",
      "resolved": "https://registry.npmjs.org/pluralize/-/pluralize-7.0.0.tgz"
    },
    "prelude-ls": {
      "version": "1.1.2",
      "from": "prelude-ls@>=1.1.2 <1.2.0",
      "resolved": "https://registry.npmjs.org/prelude-ls/-/prelude-ls-1.1.2.tgz"
    },
    "progress": {
      "version": "2.0.3",
      "from": "progress@>=2.0.0 <3.0.0",
      "resolved": "https://maven.feedzai.com/content/groups/npm-all/progress/-/progress-2.0.3.tgz"
    },
    "punycode": {
      "version": "2.1.1",
      "from": "punycode@>=2.1.0 <3.0.0",
      "resolved": "https://registry.npmjs.org/punycode/-/punycode-2.1.1.tgz"
    },
    "read-pkg": {
      "version": "2.0.0",
      "from": "read-pkg@>=2.0.0 <3.0.0",
      "resolved": "https://registry.npmjs.org/read-pkg/-/read-pkg-2.0.0.tgz"
    },
    "read-pkg-up": {
      "version": "2.0.0",
      "from": "read-pkg-up@>=2.0.0 <3.0.0",
      "resolved": "https://registry.npmjs.org/read-pkg-up/-/read-pkg-up-2.0.0.tgz",
      "dependencies": {
        "find-up": {
          "version": "2.1.0",
          "from": "find-up@>=2.0.0 <3.0.0",
          "resolved": "https://registry.npmjs.org/find-up/-/find-up-2.1.0.tgz"
        }
      }
    },
    "regexpp": {
      "version": "2.0.1",
      "from": "regexpp@>=2.0.1 <3.0.0",
      "resolved": "https://maven.feedzai.com/content/groups/npm-all/regexpp/-/regexpp-2.0.1.tgz"
    },
    "require-uncached": {
      "version": "1.0.3",
      "from": "require-uncached@>=1.0.3 <2.0.0",
      "resolved": "https://registry.npmjs.org/require-uncached/-/require-uncached-1.0.3.tgz"
    },
    "resolve": {
      "version": "1.9.0",
      "from": "resolve@>=1.6.0 <2.0.0",
      "resolved": "https://maven.feedzai.com/content/groups/npm-all/resolve/-/resolve-1.9.0.tgz"
    },
    "resolve-from": {
      "version": "1.0.1",
      "from": "resolve-from@>=1.0.0 <2.0.0",
      "resolved": "https://registry.npmjs.org/resolve-from/-/resolve-from-1.0.1.tgz"
    },
    "restore-cursor": {
      "version": "2.0.0",
      "from": "restore-cursor@>=2.0.0 <3.0.0",
      "resolved": "https://registry.npmjs.org/restore-cursor/-/restore-cursor-2.0.0.tgz"
    },
    "rimraf": {
      "version": "2.6.2",
      "from": "rimraf@>=2.6.2 <2.7.0",
      "resolved": "https://registry.npmjs.org/rimraf/-/rimraf-2.6.2.tgz"
    },
    "run-async": {
      "version": "2.3.0",
      "from": "run-async@>=2.2.0 <3.0.0",
      "resolved": "https://registry.npmjs.org/run-async/-/run-async-2.3.0.tgz"
    },
    "rxjs": {
      "version": "6.3.3",
      "from": "rxjs@>=6.1.0 <7.0.0",
      "resolved": "https://maven.feedzai.com/content/groups/npm-all/rxjs/-/rxjs-6.3.3.tgz"
    },
    "safer-buffer": {
      "version": "2.1.2",
      "from": "safer-buffer@>=2.1.2 <3.0.0",
      "resolved": "https://registry.npmjs.org/safer-buffer/-/safer-buffer-2.1.2.tgz"
    },
    "semver": {
      "version": "5.6.0",
      "from": "semver@>=5.5.1 <6.0.0",
      "resolved": "https://maven.feedzai.com/content/groups/npm-all/semver/-/semver-5.6.0.tgz"
    },
    "shebang-command": {
      "version": "1.2.0",
      "from": "shebang-command@>=1.2.0 <2.0.0",
      "resolved": "https://registry.npmjs.org/shebang-command/-/shebang-command-1.2.0.tgz"
    },
    "shebang-regex": {
      "version": "1.0.0",
      "from": "shebang-regex@>=1.0.0 <2.0.0",
      "resolved": "https://registry.npmjs.org/shebang-regex/-/shebang-regex-1.0.0.tgz"
    },
    "signal-exit": {
      "version": "3.0.2",
      "from": "signal-exit@>=3.0.2 <4.0.0",
      "resolved": "https://registry.npmjs.org/signal-exit/-/signal-exit-3.0.2.tgz"
    },
    "slice-ansi": {
      "version": "2.0.0",
      "from": "slice-ansi@2.0.0",
      "resolved": "https://maven.feedzai.com/content/groups/npm-all/slice-ansi/-/slice-ansi-2.0.0.tgz"
    },
    "spdx-correct": {
      "version": "3.1.0",
      "from": "spdx-correct@>=3.0.0 <4.0.0",
      "resolved": "https://maven.feedzai.com/content/groups/npm-all/spdx-correct/-/spdx-correct-3.1.0.tgz"
    },
    "spdx-exceptions": {
      "version": "2.2.0",
      "from": "spdx-exceptions@>=2.1.0 <3.0.0",
      "resolved": "https://maven.feedzai.com/content/groups/npm-all/spdx-exceptions/-/spdx-exceptions-2.2.0.tgz"
    },
    "spdx-expression-parse": {
      "version": "3.0.0",
      "from": "spdx-expression-parse@>=3.0.0 <4.0.0",
      "resolved": "https://registry.npmjs.org/spdx-expression-parse/-/spdx-expression-parse-3.0.0.tgz"
    },
    "spdx-license-ids": {
      "version": "3.0.3",
      "from": "spdx-license-ids@>=3.0.0 <4.0.0",
      "resolved": "https://maven.feedzai.com/content/groups/npm-all/spdx-license-ids/-/spdx-license-ids-3.0.3.tgz"
    },
    "sprintf-js": {
      "version": "1.0.3",
      "from": "sprintf-js@>=1.0.2 <1.1.0",
      "resolved": "https://registry.npmjs.org/sprintf-js/-/sprintf-js-1.0.3.tgz"
    },
    "string-width": {
      "version": "2.1.1",
      "from": "string-width@>=2.1.0 <3.0.0",
      "resolved": "https://registry.npmjs.org/string-width/-/string-width-2.1.1.tgz"
    },
    "strip-ansi": {
      "version": "4.0.0",
      "from": "strip-ansi@>=4.0.0 <5.0.0",
      "resolved": "https://registry.npmjs.org/strip-ansi/-/strip-ansi-4.0.0.tgz"
    },
    "strip-bom": {
      "version": "3.0.0",
      "from": "strip-bom@>=3.0.0 <4.0.0",
      "resolved": "https://registry.npmjs.org/strip-bom/-/strip-bom-3.0.0.tgz"
    },
    "strip-json-comments": {
      "version": "2.0.1",
      "from": "strip-json-comments@>=2.0.1 <3.0.0",
      "resolved": "https://registry.npmjs.org/strip-json-comments/-/strip-json-comments-2.0.1.tgz"
    },
    "supports-color": {
      "version": "5.5.0",
      "from": "supports-color@>=5.3.0 <6.0.0",
      "resolved": "https://maven.feedzai.com/content/groups/npm-all/supports-color/-/supports-color-5.5.0.tgz"
    },
    "table": {
      "version": "5.1.1",
      "from": "table@>=5.0.2 <6.0.0",
      "resolved": "https://maven.feedzai.com/content/groups/npm-all/table/-/table-5.1.1.tgz"
    },
    "text-table": {
      "version": "0.2.0",
      "from": "text-table@>=0.2.0 <0.3.0",
      "resolved": "https://registry.npmjs.org/text-table/-/text-table-0.2.0.tgz"
    },
    "through": {
      "version": "2.3.8",
      "from": "through@>=2.3.6 <3.0.0",
      "resolved": "https://registry.npmjs.org/through/-/through-2.3.8.tgz"
    },
    "tmp": {
      "version": "0.0.33",
      "from": "tmp@>=0.0.33 <0.0.34",
      "resolved": "https://registry.npmjs.org/tmp/-/tmp-0.0.33.tgz"
    },
    "tslib": {
      "version": "1.9.3",
      "from": "tslib@>=1.9.0 <2.0.0",
      "resolved": "https://maven.feedzai.com/content/groups/npm-all/tslib/-/tslib-1.9.3.tgz"
    },
    "type-check": {
      "version": "0.3.2",
      "from": "type-check@>=0.3.2 <0.4.0",
      "resolved": "https://registry.npmjs.org/type-check/-/type-check-0.3.2.tgz"
    },
    "uri-js": {
      "version": "4.2.2",
      "from": "uri-js@>=4.2.2 <5.0.0",
      "resolved": "https://registry.npmjs.org/uri-js/-/uri-js-4.2.2.tgz"
    },
    "validate-npm-package-license": {
      "version": "3.0.4",
      "from": "validate-npm-package-license@>=3.0.1 <4.0.0",
      "resolved": "https://maven.feedzai.com/content/groups/npm-all/validate-npm-package-license/-/validate-npm-package-license-3.0.4.tgz"
    },
    "which": {
      "version": "1.3.1",
      "from": "which@>=1.2.9 <2.0.0",
      "resolved": "https://registry.npmjs.org/which/-/which-1.3.1.tgz"
    },
    "wordwrap": {
      "version": "1.0.0",
      "from": "wordwrap@>=1.0.0 <1.1.0",
      "resolved": "https://registry.npmjs.org/wordwrap/-/wordwrap-1.0.0.tgz"
    },
    "wrappy": {
      "version": "1.0.2",
      "from": "wrappy@>=1.0.0 <2.0.0",
      "resolved": "https://registry.npmjs.org/wrappy/-/wrappy-1.0.2.tgz"
    },
    "write": {
      "version": "0.2.1",
      "from": "write@>=0.2.1 <0.3.0",
      "resolved": "https://registry.npmjs.org/write/-/write-0.2.1.tgz"
    }
  }
}
